
Microsoft Visual Studio Solution File, Format Version 12.00
# Visual Studio Version 16
VisualStudioVersion = 16.0.34114.132
MinimumVisualStudioVersion = 10.0.40219.1
Project("{2150E333-8FDC-42A3-9474-1A3956D46DE8}") = "Project.V9", "Project.V9", "{30B3640B-BB30-4EFB-82A4-1399EE7580F2}"
EndProject
Project("{FAE04EC0-301F-11D3-BF4B-00C04F79EFBC}") = "Tyuiu.PostikaAO.Sprint7.Project.V9", "Tyuiu.PostikaAO.Sprint7.Project.V9\Tyuiu.PostikaAO.Sprint7.Project.V9.csproj", "{3DECE61E-FE5F-4E9E-B459-94E7D5D5EAC6}"
EndProject
Global
	GlobalSection(SolutionConfigurationPlatforms) = preSolution
		Debug|Any CPU = Debug|Any CPU
		Release|Any CPU = Release|Any CPU
	EndGlobalSection
	GlobalSection(ProjectConfigurationPlatforms) = postSolution
		{3DECE61E-FE5F-4E9E-B459-94E7D5D5EAC6}.Debug|Any CPU.ActiveCfg = Debug|Any CPU
		{3DECE61E-FE5F-4E9E-B459-94E7D5D5EAC6}.Debug|Any CPU.Build.0 = Debug|Any CPU
		{3DECE61E-FE5F-4E9E-B459-94E7D5D5EAC6}.Release|Any CPU.ActiveCfg = Release|Any CPU
		{3DECE61E-FE5F-4E9E-B459-94E7D5D5EAC6}.Release|Any CPU.Build.0 = Release|Any CPU
	EndGlobalSection
	GlobalSection(SolutionProperties) = preSolution
		HideSolutionNode = FALSE
	EndGlobalSection
	GlobalSection(NestedProjects) = preSolution
		{3DECE61E-FE5F-4E9E-B459-94E7D5D5EAC6} = {30B3640B-BB30-4EFB-82A4-1399EE7580F2}
	EndGlobalSection
	GlobalSection(ExtensibilityGlobals) = postSolution
		SolutionGuid = {4A61B956-1120-4910-90EF-BB14B01E49EE}
	EndGlobalSection
EndGlobal
